
Microsoft Visual Studio Solution File, Format Version 12.00
# Visual Studio Version 17
VisualStudioVersion = 17.0.31919.166
MinimumVisualStudioVersion = 10.0.40219.1
Project("{9A19103F-16F7-4668-BE54-9A1E7A4F7556}") = "Server", "src\Server\Server.csproj", "{55FAA1DF-AFB4-4D8C-9A6B-73074F9A7464}"
EndProject
Project("{2150E333-8FDC-42A3-9474-1A3956D46DE8}") = "Domain Models", "Domain Models", "{B5929509-F7A4-4596-9C25-AE14D68FC117}"
EndProject
Project("{2150E333-8FDC-42A3-9474-1A3956D46DE8}") = "Data Access Layer", "Data Access Layer", "{3835E9D9-E5E7-4C07-85C2-F63C63F3D296}"
EndProject
Project("{2150E333-8FDC-42A3-9474-1A3956D46DE8}") = "Tests", "Tests", "{E5CFAEEA-2AB0-4849-B73B-7B9B04C9ADCB}"
EndProject
Project("{2150E333-8FDC-42A3-9474-1A3956D46DE8}") = "Libraries", "Libraries", "{BAD2B70E-9EE4-43D8-9563-D211BE60155E}"
EndProject
Project("{9A19103F-16F7-4668-BE54-9A1E7A4F7556}") = "Tests", "src\Tests\Tests.csproj", "{2DE0655D-9E04-4748-9141-852F3EE4ED17}"
EndProject
Project("{9A19103F-16F7-4668-BE54-9A1E7A4F7556}") = "Resources", "src\Shared\Resources\Resources.csproj", "{828DF776-608D-43BF-8133-6045CE922910}"
EndProject
Project("{9A19103F-16F7-4668-BE54-9A1E7A4F7556}") = "Dtat.Data", "src\Shared\Softmax Libraries\Softmax.Data\Dtat.Data.csproj", "{B3B48669-FDB0-40D6-8190-E6C92A183344}"
EndProject
Project("{9A19103F-16F7-4668-BE54-9A1E7A4F7556}") = "Dtat.Data.EntityFrameworkCore", "src\Shared\Softmax Libraries\Softmax.Data.EntityFrameworkCore\Dtat.Data.EntityFrameworkCore.csproj", "{FF998A4E-6AF8-4A8B-B005-6BA12ED6FE77}"
EndProject
Project("{9A19103F-16F7-4668-BE54-9A1E7A4F7556}") = "Softmax.Utilities.Log", "src\Shared\Softmax Libraries\Softmax.Utilities.Log\Softmax.Utilities.Log.csproj", "{79960C75-23B8-480B-8EBC-D3023830C33C}"
EndProject
Project("{9A19103F-16F7-4668-BE54-9A1E7A4F7556}") = "Softmax.Utilities.Security", "src\Shared\Softmax Libraries\Softmax.Utilities.Security\Softmax.Utilities.Security.csproj", "{1550E97A-E929-49F0-986B-FDD739B30F59}"
EndProject
Project("{2150E333-8FDC-42A3-9474-1A3956D46DE8}") = "Shared", "Shared", "{8665C51F-9751-43B7-8C70-5E7DB99700C1}"
EndProject
Project("{2150E333-8FDC-42A3-9474-1A3956D46DE8}") = "Presentation Layer", "Presentation Layer", "{0295A417-C49F-47A7-9FF9-7C52FE9DA5FC}"
EndProject
Project("{9A19103F-16F7-4668-BE54-9A1E7A4F7556}") = "Persistence", "src\Persistence\Persistence.csproj", "{D86DA1A5-9D60-4414-B855-A335F0D80B28}"
EndProject
Project("{9A19103F-16F7-4668-BE54-9A1E7A4F7556}") = "Domain", "src\Domain\Domain.csproj", "{3D0E4C06-8D82-4962-BD13-6B57B9A1A900}"
EndProject
Project("{2150E333-8FDC-42A3-9474-1A3956D46DE8}") = "src", "src", "{0A54B6A0-6EE1-4A41-A042-2E66C144CB46}"
EndProject
Project("{9A19103F-16F7-4668-BE54-9A1E7A4F7556}") = "Shared", "src\Shared\Shared\Shared.csproj", "{78374E0F-A973-4EAD-BE6F-52DABA9643F9}"
EndProject
Project("{9A19103F-16F7-4668-BE54-9A1E7A4F7556}") = "Dtat.Result", "src\Shared\Softmax Libraries\Softmax.Result\Dtat.Result.csproj", "{38A7B674-5581-4772-8A04-19264CE8117A}"
EndProject
Project("{9A19103F-16F7-4668-BE54-9A1E7A4F7556}") = "Dtat.Logging", "src\Shared\Softmax Libraries\Softmax.Logging\Dtat.Logging.csproj", "{909B9236-E77B-4EDB-B96F-36B8510EAA6C}"
EndProject
Project("{9A19103F-16F7-4668-BE54-9A1E7A4F7556}") = "Dtat.Logging.NLogAdapter", "src\Shared\Softmax Libraries\Softmax.Logging.NLog\Dtat.Logging.NLogAdapter.csproj", "{CBD52211-0E25-47D6-BAD2-D2CD63A049ED}"
EndProject
Project("{9A19103F-16F7-4668-BE54-9A1E7A4F7556}") = "Softmax.Utilities.Validation", "src\Shared\Softmax Libraries\Softmax.Utilities.Validation\Softmax.Utilities.Validation.csproj", "{FC270746-1768-4B50-9A05-DC9047BB0B9A}"
EndProject
Project("{9A19103F-16F7-4668-BE54-9A1E7A4F7556}") = "Softmax.Utilities.Validation.Resources", "src\Shared\Softmax Libraries\Softmax.Utilities.Validation.Resources\Softmax.Utilities.Validation.Resources.csproj", "{510B5D0E-49B4-4758-915F-4F11E8B04902}"
EndProject
Project("{9A19103F-16F7-4668-BE54-9A1E7A4F7556}") = "Softmax.Swagger", "src\Shared\Softmax Libraries\Softmax.Swagger\Softmax.Swagger.csproj", "{92073772-D686-4D68-84F2-0058ED2AC742}"
EndProject
Project("{9A19103F-16F7-4668-BE54-9A1E7A4F7556}") = "Constants", "src\Shared\Constants\Constants.csproj", "{C11D0335-0F3A-4259-AB1F-7C7BA144DEA8}"
EndProject
Project("{2150E333-8FDC-42A3-9474-1A3956D46DE8}") = "Solution Items", "Solution Items", "{64A5751F-D493-4FBE-8544-A5CFAD1848D9}"
	ProjectSection(SolutionItems) = preProject
		README.md = README.md
	EndProjectSection
EndProject
Global
	GlobalSection(SolutionConfigurationPlatforms) = preSolution
		Debug|Any CPU = Debug|Any CPU
		Release|Any CPU = Release|Any CPU
	EndGlobalSection
	GlobalSection(ProjectConfigurationPlatforms) = postSolution
		{55FAA1DF-AFB4-4D8C-9A6B-73074F9A7464}.Debug|Any CPU.ActiveCfg = Debug|Any CPU
		{55FAA1DF-AFB4-4D8C-9A6B-73074F9A7464}.Debug|Any CPU.Build.0 = Debug|Any CPU
		{55FAA1DF-AFB4-4D8C-9A6B-73074F9A7464}.Release|Any CPU.ActiveCfg = Release|Any CPU
		{55FAA1DF-AFB4-4D8C-9A6B-73074F9A7464}.Release|Any CPU.Build.0 = Release|Any CPU
		{2DE0655D-9E04-4748-9141-852F3EE4ED17}.Debug|Any CPU.ActiveCfg = Debug|Any CPU
		{2DE0655D-9E04-4748-9141-852F3EE4ED17}.Debug|Any CPU.Build.0 = Debug|Any CPU
		{2DE0655D-9E04-4748-9141-852F3EE4ED17}.Release|Any CPU.ActiveCfg = Release|Any CPU
		{2DE0655D-9E04-4748-9141-852F3EE4ED17}.Release|Any CPU.Build.0 = Release|Any CPU
		{828DF776-608D-43BF-8133-6045CE922910}.Debug|Any CPU.ActiveCfg = Debug|Any CPU
		{828DF776-608D-43BF-8133-6045CE922910}.Debug|Any CPU.Build.0 = Debug|Any CPU
		{828DF776-608D-43BF-8133-6045CE922910}.Release|Any CPU.ActiveCfg = Release|Any CPU
		{828DF776-608D-43BF-8133-6045CE922910}.Release|Any CPU.Build.0 = Release|Any CPU
		{B3B48669-FDB0-40D6-8190-E6C92A183344}.Debug|Any CPU.ActiveCfg = Debug|Any CPU
		{B3B48669-FDB0-40D6-8190-E6C92A183344}.Debug|Any CPU.Build.0 = Debug|Any CPU
		{B3B48669-FDB0-40D6-8190-E6C92A183344}.Release|Any CPU.ActiveCfg = Release|Any CPU
		{B3B48669-FDB0-40D6-8190-E6C92A183344}.Release|Any CPU.Build.0 = Release|Any CPU
		{FF998A4E-6AF8-4A8B-B005-6BA12ED6FE77}.Debug|Any CPU.ActiveCfg = Debug|Any CPU
		{FF998A4E-6AF8-4A8B-B005-6BA12ED6FE77}.Debug|Any CPU.Build.0 = Debug|Any CPU
		{FF998A4E-6AF8-4A8B-B005-6BA12ED6FE77}.Release|Any CPU.ActiveCfg = Release|Any CPU
		{FF998A4E-6AF8-4A8B-B005-6BA12ED6FE77}.Release|Any CPU.Build.0 = Release|Any CPU
		{79960C75-23B8-480B-8EBC-D3023830C33C}.Debug|Any CPU.ActiveCfg = Debug|Any CPU
		{79960C75-23B8-480B-8EBC-D3023830C33C}.Debug|Any CPU.Build.0 = Debug|Any CPU
		{79960C75-23B8-480B-8EBC-D3023830C33C}.Release|Any CPU.ActiveCfg = Release|Any CPU
		{79960C75-23B8-480B-8EBC-D3023830C33C}.Release|Any CPU.Build.0 = Release|Any CPU
		{1550E97A-E929-49F0-986B-FDD739B30F59}.Debug|Any CPU.ActiveCfg = Debug|Any CPU
		{1550E97A-E929-49F0-986B-FDD739B30F59}.Debug|Any CPU.Build.0 = Debug|Any CPU
		{1550E97A-E929-49F0-986B-FDD739B30F59}.Release|Any CPU.ActiveCfg = Release|Any CPU
		{1550E97A-E929-49F0-986B-FDD739B30F59}.Release|Any CPU.Build.0 = Release|Any CPU
		{D86DA1A5-9D60-4414-B855-A335F0D80B28}.Debug|Any CPU.ActiveCfg = Debug|Any CPU
		{D86DA1A5-9D60-4414-B855-A335F0D80B28}.Debug|Any CPU.Build.0 = Debug|Any CPU
		{D86DA1A5-9D60-4414-B855-A335F0D80B28}.Release|Any CPU.ActiveCfg = Release|Any CPU
		{D86DA1A5-9D60-4414-B855-A335F0D80B28}.Release|Any CPU.Build.0 = Release|Any CPU
		{3D0E4C06-8D82-4962-BD13-6B57B9A1A900}.Debug|Any CPU.ActiveCfg = Debug|Any CPU
		{3D0E4C06-8D82-4962-BD13-6B57B9A1A900}.Debug|Any CPU.Build.0 = Debug|Any CPU
		{3D0E4C06-8D82-4962-BD13-6B57B9A1A900}.Release|Any CPU.ActiveCfg = Release|Any CPU
		{3D0E4C06-8D82-4962-BD13-6B57B9A1A900}.Release|Any CPU.Build.0 = Release|Any CPU
		{78374E0F-A973-4EAD-BE6F-52DABA9643F9}.Debug|Any CPU.ActiveCfg = Debug|Any CPU
		{78374E0F-A973-4EAD-BE6F-52DABA9643F9}.Debug|Any CPU.Build.0 = Debug|Any CPU
		{78374E0F-A973-4EAD-BE6F-52DABA9643F9}.Release|Any CPU.ActiveCfg = Release|Any CPU
		{78374E0F-A973-4EAD-BE6F-52DABA9643F9}.Release|Any CPU.Build.0 = Release|Any CPU
		{38A7B674-5581-4772-8A04-19264CE8117A}.Debug|Any CPU.ActiveCfg = Debug|Any CPU
		{38A7B674-5581-4772-8A04-19264CE8117A}.Debug|Any CPU.Build.0 = Debug|Any CPU
		{38A7B674-5581-4772-8A04-19264CE8117A}.Release|Any CPU.ActiveCfg = Release|Any CPU
		{38A7B674-5581-4772-8A04-19264CE8117A}.Release|Any CPU.Build.0 = Release|Any CPU
		{909B9236-E77B-4EDB-B96F-36B8510EAA6C}.Debug|Any CPU.ActiveCfg = Debug|Any CPU
		{909B9236-E77B-4EDB-B96F-36B8510EAA6C}.Debug|Any CPU.Build.0 = Debug|Any CPU
		{909B9236-E77B-4EDB-B96F-36B8510EAA6C}.Release|Any CPU.ActiveCfg = Release|Any CPU
		{909B9236-E77B-4EDB-B96F-36B8510EAA6C}.Release|Any CPU.Build.0 = Release|Any CPU
		{CBD52211-0E25-47D6-BAD2-D2CD63A049ED}.Debug|Any CPU.ActiveCfg = Debug|Any CPU
		{CBD52211-0E25-47D6-BAD2-D2CD63A049ED}.Debug|Any CPU.Build.0 = Debug|Any CPU
		{CBD52211-0E25-47D6-BAD2-D2CD63A049ED}.Release|Any CPU.ActiveCfg = Release|Any CPU
		{CBD52211-0E25-47D6-BAD2-D2CD63A049ED}.Release|Any CPU.Build.0 = Release|Any CPU
		{FC270746-1768-4B50-9A05-DC9047BB0B9A}.Debug|Any CPU.ActiveCfg = Debug|Any CPU
		{FC270746-1768-4B50-9A05-DC9047BB0B9A}.Debug|Any CPU.Build.0 = Debug|Any CPU
		{FC270746-1768-4B50-9A05-DC9047BB0B9A}.Release|Any CPU.ActiveCfg = Release|Any CPU
		{FC270746-1768-4B50-9A05-DC9047BB0B9A}.Release|Any CPU.Build.0 = Release|Any CPU
		{510B5D0E-49B4-4758-915F-4F11E8B04902}.Debug|Any CPU.ActiveCfg = Debug|Any CPU
		{510B5D0E-49B4-4758-915F-4F11E8B04902}.Debug|Any CPU.Build.0 = Debug|Any CPU
		{510B5D0E-49B4-4758-915F-4F11E8B04902}.Release|Any CPU.ActiveCfg = Release|Any CPU
		{510B5D0E-49B4-4758-915F-4F11E8B04902}.Release|Any CPU.Build.0 = Release|Any CPU
		{92073772-D686-4D68-84F2-0058ED2AC742}.Debug|Any CPU.ActiveCfg = Debug|Any CPU
		{92073772-D686-4D68-84F2-0058ED2AC742}.Debug|Any CPU.Build.0 = Debug|Any CPU
		{92073772-D686-4D68-84F2-0058ED2AC742}.Release|Any CPU.ActiveCfg = Release|Any CPU
		{92073772-D686-4D68-84F2-0058ED2AC742}.Release|Any CPU.Build.0 = Release|Any CPU
		{C11D0335-0F3A-4259-AB1F-7C7BA144DEA8}.Debug|Any CPU.ActiveCfg = Debug|Any CPU
		{C11D0335-0F3A-4259-AB1F-7C7BA144DEA8}.Debug|Any CPU.Build.0 = Debug|Any CPU
		{C11D0335-0F3A-4259-AB1F-7C7BA144DEA8}.Release|Any CPU.ActiveCfg = Release|Any CPU
		{C11D0335-0F3A-4259-AB1F-7C7BA144DEA8}.Release|Any CPU.Build.0 = Release|Any CPU
	EndGlobalSection
	GlobalSection(SolutionProperties) = preSolution
		HideSolutionNode = FALSE
	EndGlobalSection
	GlobalSection(NestedProjects) = preSolution
		{55FAA1DF-AFB4-4D8C-9A6B-73074F9A7464} = {0295A417-C49F-47A7-9FF9-7C52FE9DA5FC}
		{B5929509-F7A4-4596-9C25-AE14D68FC117} = {0A54B6A0-6EE1-4A41-A042-2E66C144CB46}
		{3835E9D9-E5E7-4C07-85C2-F63C63F3D296} = {0A54B6A0-6EE1-4A41-A042-2E66C144CB46}
		{E5CFAEEA-2AB0-4849-B73B-7B9B04C9ADCB} = {0A54B6A0-6EE1-4A41-A042-2E66C144CB46}
		{BAD2B70E-9EE4-43D8-9563-D211BE60155E} = {8665C51F-9751-43B7-8C70-5E7DB99700C1}
		{2DE0655D-9E04-4748-9141-852F3EE4ED17} = {E5CFAEEA-2AB0-4849-B73B-7B9B04C9ADCB}
		{828DF776-608D-43BF-8133-6045CE922910} = {8665C51F-9751-43B7-8C70-5E7DB99700C1}
		{B3B48669-FDB0-40D6-8190-E6C92A183344} = {BAD2B70E-9EE4-43D8-9563-D211BE60155E}
		{FF998A4E-6AF8-4A8B-B005-6BA12ED6FE77} = {BAD2B70E-9EE4-43D8-9563-D211BE60155E}
		{79960C75-23B8-480B-8EBC-D3023830C33C} = {BAD2B70E-9EE4-43D8-9563-D211BE60155E}
		{1550E97A-E929-49F0-986B-FDD739B30F59} = {BAD2B70E-9EE4-43D8-9563-D211BE60155E}
		{8665C51F-9751-43B7-8C70-5E7DB99700C1} = {0A54B6A0-6EE1-4A41-A042-2E66C144CB46}
		{0295A417-C49F-47A7-9FF9-7C52FE9DA5FC} = {0A54B6A0-6EE1-4A41-A042-2E66C144CB46}
		{D86DA1A5-9D60-4414-B855-A335F0D80B28} = {3835E9D9-E5E7-4C07-85C2-F63C63F3D296}
		{3D0E4C06-8D82-4962-BD13-6B57B9A1A900} = {B5929509-F7A4-4596-9C25-AE14D68FC117}
		{78374E0F-A973-4EAD-BE6F-52DABA9643F9} = {8665C51F-9751-43B7-8C70-5E7DB99700C1}
		{38A7B674-5581-4772-8A04-19264CE8117A} = {BAD2B70E-9EE4-43D8-9563-D211BE60155E}
		{909B9236-E77B-4EDB-B96F-36B8510EAA6C} = {BAD2B70E-9EE4-43D8-9563-D211BE60155E}
		{CBD52211-0E25-47D6-BAD2-D2CD63A049ED} = {BAD2B70E-9EE4-43D8-9563-D211BE60155E}
		{FC270746-1768-4B50-9A05-DC9047BB0B9A} = {BAD2B70E-9EE4-43D8-9563-D211BE60155E}
		{510B5D0E-49B4-4758-915F-4F11E8B04902} = {BAD2B70E-9EE4-43D8-9563-D211BE60155E}
		{92073772-D686-4D68-84F2-0058ED2AC742} = {BAD2B70E-9EE4-43D8-9563-D211BE60155E}
		{C11D0335-0F3A-4259-AB1F-7C7BA144DEA8} = {8665C51F-9751-43B7-8C70-5E7DB99700C1}
	EndGlobalSection
	GlobalSection(ExtensibilityGlobals) = postSolution
		SolutionGuid = {8FD73C1F-DB6C-439E-A416-3AA96A8695A0}
	EndGlobalSection
EndGlobal
