
Microsoft Visual Studio Solution File, Format Version 12.00
# Visual Studio Version 17
VisualStudioVersion = 17.0.31919.166
MinimumVisualStudioVersion = 10.0.40219.1
Project("{9A19103F-16F7-4668-BE54-9A1E7A4F7556}") = "Server", "LearningEnglishWords\Server.csproj", "{55FAA1DF-AFB4-4D8C-9A6B-73074F9A7464}"
EndProject
Project("{2150E333-8FDC-42A3-9474-1A3956D46DE8}") = "Domain Models", "Domain Models", "{B5929509-F7A4-4596-9C25-AE14D68FC117}"
EndProject
Project("{2150E333-8FDC-42A3-9474-1A3956D46DE8}") = "Data Access Layer", "Data Access Layer", "{3835E9D9-E5E7-4C07-85C2-F63C63F3D296}"
EndProject
Project("{2150E333-8FDC-42A3-9474-1A3956D46DE8}") = "Tests", "Tests", "{E5CFAEEA-2AB0-4849-B73B-7B9B04C9ADCB}"
EndProject
Project("{2150E333-8FDC-42A3-9474-1A3956D46DE8}") = "Libraries", "Libraries", "{BAD2B70E-9EE4-43D8-9563-D211BE60155E}"
EndProject
Project("{9A19103F-16F7-4668-BE54-9A1E7A4F7556}") = "ViewModels", "ViewModels\ViewModels.csproj", "{1AFA8CE2-CC12-4682-AD3B-9C2A1F6FF033}"
EndProject
Project("{9A19103F-16F7-4668-BE54-9A1E7A4F7556}") = "Tests", "Tests\Tests.csproj", "{2DE0655D-9E04-4748-9141-852F3EE4ED17}"
EndProject
Project("{9A19103F-16F7-4668-BE54-9A1E7A4F7556}") = "Resources", "Resources\Resources.csproj", "{828DF776-608D-43BF-8133-6045CE922910}"
EndProject
Project("{9A19103F-16F7-4668-BE54-9A1E7A4F7556}") = "Softmax.Data", "Softmax Libraries\Softmax.Data\Softmax.Data.csproj", "{B3B48669-FDB0-40D6-8190-E6C92A183344}"
EndProject
Project("{9A19103F-16F7-4668-BE54-9A1E7A4F7556}") = "Softmax.Data.EntityFrameworkCore", "Softmax Libraries\Softmax.Data.EntityFrameworkCore\Softmax.Data.EntityFrameworkCore.csproj", "{FF998A4E-6AF8-4A8B-B005-6BA12ED6FE77}"
EndProject
Project("{9A19103F-16F7-4668-BE54-9A1E7A4F7556}") = "Softmax.Logging", "Softmax Libraries\Softmax.Logging\Softmax.Logging.csproj", "{76EF36AE-5F11-4699-8ADE-74C4DBE33DF6}"
EndProject
Project("{9A19103F-16F7-4668-BE54-9A1E7A4F7556}") = "Softmax.Logging.NLog", "Softmax Libraries\Softmax.Logging.NLog\Softmax.Logging.NLog.csproj", "{582ED0FE-1D88-422A-9BCA-EAC44B6BEE5F}"
EndProject
Project("{9A19103F-16F7-4668-BE54-9A1E7A4F7556}") = "Softmax.Result", "Softmax Libraries\Softmax.Result\Softmax.Result.csproj", "{70330AAD-0B3F-4D48-87DD-B21FFB0F03CD}"
EndProject
Project("{9A19103F-16F7-4668-BE54-9A1E7A4F7556}") = "Softmax.Utilities.Log", "Softmax Libraries\Softmax.Utilities.Log\Softmax.Utilities.Log.csproj", "{79960C75-23B8-480B-8EBC-D3023830C33C}"
EndProject
Project("{9A19103F-16F7-4668-BE54-9A1E7A4F7556}") = "Softmax.Utilities.Security", "Softmax Libraries\Softmax.Utilities.Security\Softmax.Utilities.Security.csproj", "{1550E97A-E929-49F0-986B-FDD739B30F59}"
EndProject
Project("{9A19103F-16F7-4668-BE54-9A1E7A4F7556}") = "Softmax.Utilities.Validation", "Softmax Libraries\Softmax.Utilities.Validation\Softmax.Utilities.Validation.csproj", "{08375BA4-EDE2-4E09-A272-8F7E1C8DD4A8}"
EndProject
Project("{2150E333-8FDC-42A3-9474-1A3956D46DE8}") = "Shared", "Shared", "{8665C51F-9751-43B7-8C70-5E7DB99700C1}"
EndProject
Project("{2150E333-8FDC-42A3-9474-1A3956D46DE8}") = "Presentation Layer", "Presentation Layer", "{0295A417-C49F-47A7-9FF9-7C52FE9DA5FC}"
EndProject
Project("{9A19103F-16F7-4668-BE54-9A1E7A4F7556}") = "Persistence", "Persistence\Persistence.csproj", "{D86DA1A5-9D60-4414-B855-A335F0D80B28}"
EndProject
Project("{9A19103F-16F7-4668-BE54-9A1E7A4F7556}") = "Domain", "Domain\Domain.csproj", "{3D0E4C06-8D82-4962-BD13-6B57B9A1A900}"
EndProject
Global
	GlobalSection(SolutionConfigurationPlatforms) = preSolution
		Debug|Any CPU = Debug|Any CPU
		Release|Any CPU = Release|Any CPU
	EndGlobalSection
	GlobalSection(ProjectConfigurationPlatforms) = postSolution
		{55FAA1DF-AFB4-4D8C-9A6B-73074F9A7464}.Debug|Any CPU.ActiveCfg = Debug|Any CPU
		{55FAA1DF-AFB4-4D8C-9A6B-73074F9A7464}.Debug|Any CPU.Build.0 = Debug|Any CPU
		{55FAA1DF-AFB4-4D8C-9A6B-73074F9A7464}.Release|Any CPU.ActiveCfg = Release|Any CPU
		{55FAA1DF-AFB4-4D8C-9A6B-73074F9A7464}.Release|Any CPU.Build.0 = Release|Any CPU
		{1AFA8CE2-CC12-4682-AD3B-9C2A1F6FF033}.Debug|Any CPU.ActiveCfg = Debug|Any CPU
		{1AFA8CE2-CC12-4682-AD3B-9C2A1F6FF033}.Debug|Any CPU.Build.0 = Debug|Any CPU
		{1AFA8CE2-CC12-4682-AD3B-9C2A1F6FF033}.Release|Any CPU.ActiveCfg = Release|Any CPU
		{1AFA8CE2-CC12-4682-AD3B-9C2A1F6FF033}.Release|Any CPU.Build.0 = Release|Any CPU
		{2DE0655D-9E04-4748-9141-852F3EE4ED17}.Debug|Any CPU.ActiveCfg = Debug|Any CPU
		{2DE0655D-9E04-4748-9141-852F3EE4ED17}.Debug|Any CPU.Build.0 = Debug|Any CPU
		{2DE0655D-9E04-4748-9141-852F3EE4ED17}.Release|Any CPU.ActiveCfg = Release|Any CPU
		{2DE0655D-9E04-4748-9141-852F3EE4ED17}.Release|Any CPU.Build.0 = Release|Any CPU
		{828DF776-608D-43BF-8133-6045CE922910}.Debug|Any CPU.ActiveCfg = Debug|Any CPU
		{828DF776-608D-43BF-8133-6045CE922910}.Debug|Any CPU.Build.0 = Debug|Any CPU
		{828DF776-608D-43BF-8133-6045CE922910}.Release|Any CPU.ActiveCfg = Release|Any CPU
		{828DF776-608D-43BF-8133-6045CE922910}.Release|Any CPU.Build.0 = Release|Any CPU
		{B3B48669-FDB0-40D6-8190-E6C92A183344}.Debug|Any CPU.ActiveCfg = Debug|Any CPU
		{B3B48669-FDB0-40D6-8190-E6C92A183344}.Debug|Any CPU.Build.0 = Debug|Any CPU
		{B3B48669-FDB0-40D6-8190-E6C92A183344}.Release|Any CPU.ActiveCfg = Release|Any CPU
		{B3B48669-FDB0-40D6-8190-E6C92A183344}.Release|Any CPU.Build.0 = Release|Any CPU
		{FF998A4E-6AF8-4A8B-B005-6BA12ED6FE77}.Debug|Any CPU.ActiveCfg = Debug|Any CPU
		{FF998A4E-6AF8-4A8B-B005-6BA12ED6FE77}.Debug|Any CPU.Build.0 = Debug|Any CPU
		{FF998A4E-6AF8-4A8B-B005-6BA12ED6FE77}.Release|Any CPU.ActiveCfg = Release|Any CPU
		{FF998A4E-6AF8-4A8B-B005-6BA12ED6FE77}.Release|Any CPU.Build.0 = Release|Any CPU
		{76EF36AE-5F11-4699-8ADE-74C4DBE33DF6}.Debug|Any CPU.ActiveCfg = Debug|Any CPU
		{76EF36AE-5F11-4699-8ADE-74C4DBE33DF6}.Debug|Any CPU.Build.0 = Debug|Any CPU
		{76EF36AE-5F11-4699-8ADE-74C4DBE33DF6}.Release|Any CPU.ActiveCfg = Release|Any CPU
		{76EF36AE-5F11-4699-8ADE-74C4DBE33DF6}.Release|Any CPU.Build.0 = Release|Any CPU
		{582ED0FE-1D88-422A-9BCA-EAC44B6BEE5F}.Debug|Any CPU.ActiveCfg = Debug|Any CPU
		{582ED0FE-1D88-422A-9BCA-EAC44B6BEE5F}.Debug|Any CPU.Build.0 = Debug|Any CPU
		{582ED0FE-1D88-422A-9BCA-EAC44B6BEE5F}.Release|Any CPU.ActiveCfg = Release|Any CPU
		{582ED0FE-1D88-422A-9BCA-EAC44B6BEE5F}.Release|Any CPU.Build.0 = Release|Any CPU
		{70330AAD-0B3F-4D48-87DD-B21FFB0F03CD}.Debug|Any CPU.ActiveCfg = Debug|Any CPU
		{70330AAD-0B3F-4D48-87DD-B21FFB0F03CD}.Debug|Any CPU.Build.0 = Debug|Any CPU
		{70330AAD-0B3F-4D48-87DD-B21FFB0F03CD}.Release|Any CPU.ActiveCfg = Release|Any CPU
		{70330AAD-0B3F-4D48-87DD-B21FFB0F03CD}.Release|Any CPU.Build.0 = Release|Any CPU
		{79960C75-23B8-480B-8EBC-D3023830C33C}.Debug|Any CPU.ActiveCfg = Debug|Any CPU
		{79960C75-23B8-480B-8EBC-D3023830C33C}.Debug|Any CPU.Build.0 = Debug|Any CPU
		{79960C75-23B8-480B-8EBC-D3023830C33C}.Release|Any CPU.ActiveCfg = Release|Any CPU
		{79960C75-23B8-480B-8EBC-D3023830C33C}.Release|Any CPU.Build.0 = Release|Any CPU
		{1550E97A-E929-49F0-986B-FDD739B30F59}.Debug|Any CPU.ActiveCfg = Debug|Any CPU
		{1550E97A-E929-49F0-986B-FDD739B30F59}.Debug|Any CPU.Build.0 = Debug|Any CPU
		{1550E97A-E929-49F0-986B-FDD739B30F59}.Release|Any CPU.ActiveCfg = Release|Any CPU
		{1550E97A-E929-49F0-986B-FDD739B30F59}.Release|Any CPU.Build.0 = Release|Any CPU
		{08375BA4-EDE2-4E09-A272-8F7E1C8DD4A8}.Debug|Any CPU.ActiveCfg = Debug|Any CPU
		{08375BA4-EDE2-4E09-A272-8F7E1C8DD4A8}.Debug|Any CPU.Build.0 = Debug|Any CPU
		{08375BA4-EDE2-4E09-A272-8F7E1C8DD4A8}.Release|Any CPU.ActiveCfg = Release|Any CPU
		{08375BA4-EDE2-4E09-A272-8F7E1C8DD4A8}.Release|Any CPU.Build.0 = Release|Any CPU
		{D86DA1A5-9D60-4414-B855-A335F0D80B28}.Debug|Any CPU.ActiveCfg = Debug|Any CPU
		{D86DA1A5-9D60-4414-B855-A335F0D80B28}.Debug|Any CPU.Build.0 = Debug|Any CPU
		{D86DA1A5-9D60-4414-B855-A335F0D80B28}.Release|Any CPU.ActiveCfg = Release|Any CPU
		{D86DA1A5-9D60-4414-B855-A335F0D80B28}.Release|Any CPU.Build.0 = Release|Any CPU
		{3D0E4C06-8D82-4962-BD13-6B57B9A1A900}.Debug|Any CPU.ActiveCfg = Debug|Any CPU
		{3D0E4C06-8D82-4962-BD13-6B57B9A1A900}.Debug|Any CPU.Build.0 = Debug|Any CPU
		{3D0E4C06-8D82-4962-BD13-6B57B9A1A900}.Release|Any CPU.ActiveCfg = Release|Any CPU
		{3D0E4C06-8D82-4962-BD13-6B57B9A1A900}.Release|Any CPU.Build.0 = Release|Any CPU
	EndGlobalSection
	GlobalSection(SolutionProperties) = preSolution
		HideSolutionNode = FALSE
	EndGlobalSection
	GlobalSection(NestedProjects) = preSolution
		{55FAA1DF-AFB4-4D8C-9A6B-73074F9A7464} = {0295A417-C49F-47A7-9FF9-7C52FE9DA5FC}
		{BAD2B70E-9EE4-43D8-9563-D211BE60155E} = {8665C51F-9751-43B7-8C70-5E7DB99700C1}
		{1AFA8CE2-CC12-4682-AD3B-9C2A1F6FF033} = {8665C51F-9751-43B7-8C70-5E7DB99700C1}
		{2DE0655D-9E04-4748-9141-852F3EE4ED17} = {E5CFAEEA-2AB0-4849-B73B-7B9B04C9ADCB}
		{828DF776-608D-43BF-8133-6045CE922910} = {8665C51F-9751-43B7-8C70-5E7DB99700C1}
		{B3B48669-FDB0-40D6-8190-E6C92A183344} = {BAD2B70E-9EE4-43D8-9563-D211BE60155E}
		{FF998A4E-6AF8-4A8B-B005-6BA12ED6FE77} = {BAD2B70E-9EE4-43D8-9563-D211BE60155E}
		{76EF36AE-5F11-4699-8ADE-74C4DBE33DF6} = {BAD2B70E-9EE4-43D8-9563-D211BE60155E}
		{582ED0FE-1D88-422A-9BCA-EAC44B6BEE5F} = {BAD2B70E-9EE4-43D8-9563-D211BE60155E}
		{70330AAD-0B3F-4D48-87DD-B21FFB0F03CD} = {BAD2B70E-9EE4-43D8-9563-D211BE60155E}
		{79960C75-23B8-480B-8EBC-D3023830C33C} = {BAD2B70E-9EE4-43D8-9563-D211BE60155E}
		{1550E97A-E929-49F0-986B-FDD739B30F59} = {BAD2B70E-9EE4-43D8-9563-D211BE60155E}
		{08375BA4-EDE2-4E09-A272-8F7E1C8DD4A8} = {BAD2B70E-9EE4-43D8-9563-D211BE60155E}
		{D86DA1A5-9D60-4414-B855-A335F0D80B28} = {3835E9D9-E5E7-4C07-85C2-F63C63F3D296}
		{3D0E4C06-8D82-4962-BD13-6B57B9A1A900} = {B5929509-F7A4-4596-9C25-AE14D68FC117}
	EndGlobalSection
	GlobalSection(ExtensibilityGlobals) = postSolution
		SolutionGuid = {8FD73C1F-DB6C-439E-A416-3AA96A8695A0}
	EndGlobalSection
EndGlobal
